
Microsoft Visual Studio Solution File, Format Version 12.00
# Visual Studio Version 17
VisualStudioVersion = 17.5.33414.496
MinimumVisualStudioVersion = 10.0.40219.1
Project("{FAE04EC0-301F-11D3-BF4B-00C04F79EFBC}") = "Entities", "Entities\Entities.csproj", "{DCA1F5D3-4F84-420A-8EB7-7B865F67A48B}"
EndProject
Project("{2150E333-8FDC-42A3-9474-1A3956D46DE8}") = "Apresentacao", "Apresentacao", "{0F1290E2-B554-49AB-8303-0435279CE10E}"
EndProject
Project("{2150E333-8FDC-42A3-9474-1A3956D46DE8}") = "Dominio", "Dominio", "{E15EDF03-BC95-45D8-A81A-35337377D697}"
EndProject
Project("{2150E333-8FDC-42A3-9474-1A3956D46DE8}") = "InfraEstrutura", "InfraEstrutura", "{3C571D04-E127-423C-8434-07D59A8FFA12}"
EndProject
Project("{2150E333-8FDC-42A3-9474-1A3956D46DE8}") = "Entidades", "Entidades", "{AB1DB8B0-0BA4-4A12-AA8D-96A20606E9DB}"
EndProject
Project("{2150E333-8FDC-42A3-9474-1A3956D46DE8}") = "Helpers", "Helpers", "{28390D8A-D248-46E1-9239-C3C2B4B4BDD6}"
EndProject
Project("{FAE04EC0-301F-11D3-BF4B-00C04F79EFBC}") = "Helpers", "Helpers\Helpers.csproj", "{3D8B4848-4AE9-42D1-AD63-50F2FD8FE70F}"
EndProject
Project("{FAE04EC0-301F-11D3-BF4B-00C04F79EFBC}") = "Infra", "Infra\Infra.csproj", "{246F53F6-C27D-4674-BA47-774ECD218809}"
EndProject
Project("{FAE04EC0-301F-11D3-BF4B-00C04F79EFBC}") = "Domain", "Domain\Domain.csproj", "{78ECD41D-6313-41B2-B253-40E765645E20}"
EndProject
Project("{FAE04EC0-301F-11D3-BF4B-00C04F79EFBC}") = "WebApi", "WebApi\WebApi.csproj", "{125CF787-EF2A-4D68-851A-134814D670EF}"
EndProject
Global
	GlobalSection(SolutionConfigurationPlatforms) = preSolution
		Debug|Any CPU = Debug|Any CPU
		Release|Any CPU = Release|Any CPU
	EndGlobalSection
	GlobalSection(ProjectConfigurationPlatforms) = postSolution
		{DCA1F5D3-4F84-420A-8EB7-7B865F67A48B}.Debug|Any CPU.ActiveCfg = Debug|Any CPU
		{DCA1F5D3-4F84-420A-8EB7-7B865F67A48B}.Debug|Any CPU.Build.0 = Debug|Any CPU
		{DCA1F5D3-4F84-420A-8EB7-7B865F67A48B}.Release|Any CPU.ActiveCfg = Release|Any CPU
		{DCA1F5D3-4F84-420A-8EB7-7B865F67A48B}.Release|Any CPU.Build.0 = Release|Any CPU
		{3D8B4848-4AE9-42D1-AD63-50F2FD8FE70F}.Debug|Any CPU.ActiveCfg = Debug|Any CPU
		{3D8B4848-4AE9-42D1-AD63-50F2FD8FE70F}.Debug|Any CPU.Build.0 = Debug|Any CPU
		{3D8B4848-4AE9-42D1-AD63-50F2FD8FE70F}.Release|Any CPU.ActiveCfg = Release|Any CPU
		{3D8B4848-4AE9-42D1-AD63-50F2FD8FE70F}.Release|Any CPU.Build.0 = Release|Any CPU
		{246F53F6-C27D-4674-BA47-774ECD218809}.Debug|Any CPU.ActiveCfg = Debug|Any CPU
		{246F53F6-C27D-4674-BA47-774ECD218809}.Debug|Any CPU.Build.0 = Debug|Any CPU
		{246F53F6-C27D-4674-BA47-774ECD218809}.Release|Any CPU.ActiveCfg = Release|Any CPU
		{246F53F6-C27D-4674-BA47-774ECD218809}.Release|Any CPU.Build.0 = Release|Any CPU
		{78ECD41D-6313-41B2-B253-40E765645E20}.Debug|Any CPU.ActiveCfg = Debug|Any CPU
		{78ECD41D-6313-41B2-B253-40E765645E20}.Debug|Any CPU.Build.0 = Debug|Any CPU
		{78ECD41D-6313-41B2-B253-40E765645E20}.Release|Any CPU.ActiveCfg = Release|Any CPU
		{78ECD41D-6313-41B2-B253-40E765645E20}.Release|Any CPU.Build.0 = Release|Any CPU
		{125CF787-EF2A-4D68-851A-134814D670EF}.Debug|Any CPU.ActiveCfg = Debug|Any CPU
		{125CF787-EF2A-4D68-851A-134814D670EF}.Debug|Any CPU.Build.0 = Debug|Any CPU
		{125CF787-EF2A-4D68-851A-134814D670EF}.Release|Any CPU.ActiveCfg = Release|Any CPU
		{125CF787-EF2A-4D68-851A-134814D670EF}.Release|Any CPU.Build.0 = Release|Any CPU
	EndGlobalSection
	GlobalSection(SolutionProperties) = preSolution
		HideSolutionNode = FALSE
	EndGlobalSection
	GlobalSection(NestedProjects) = preSolution
		{DCA1F5D3-4F84-420A-8EB7-7B865F67A48B} = {AB1DB8B0-0BA4-4A12-AA8D-96A20606E9DB}
		{3D8B4848-4AE9-42D1-AD63-50F2FD8FE70F} = {28390D8A-D248-46E1-9239-C3C2B4B4BDD6}
		{246F53F6-C27D-4674-BA47-774ECD218809} = {3C571D04-E127-423C-8434-07D59A8FFA12}
		{78ECD41D-6313-41B2-B253-40E765645E20} = {E15EDF03-BC95-45D8-A81A-35337377D697}
		{125CF787-EF2A-4D68-851A-134814D670EF} = {0F1290E2-B554-49AB-8303-0435279CE10E}
	EndGlobalSection
	GlobalSection(ExtensibilityGlobals) = postSolution
		SolutionGuid = {EC3C71AE-567A-435C-89A1-4688A12A5E49}
	EndGlobalSection
EndGlobal
