
Microsoft Visual Studio Solution File, Format Version 12.00
# Visual Studio Version 17
VisualStudioVersion = 17.5.33414.496
MinimumVisualStudioVersion = 10.0.40219.1
Project("{FAE04EC0-301F-11D3-BF4B-00C04F79EFBC}") = "StayFit", "StayFit.csproj", "{9C25FCD2-CE91-4E86-BADF-4245FD81C447}"
EndProject
Global
	GlobalSection(SolutionConfigurationPlatforms) = preSolution
		Debug|Any CPU = Debug|Any CPU
		Release|Any CPU = Release|Any CPU
	EndGlobalSection
	GlobalSection(ProjectConfigurationPlatforms) = postSolution
		{9C25FCD2-CE91-4E86-BADF-4245FD81C447}.Debug|Any CPU.ActiveCfg = Debug|Any CPU
		{9C25FCD2-CE91-4E86-BADF-4245FD81C447}.Debug|Any CPU.Build.0 = Debug|Any CPU
		{9C25FCD2-CE91-4E86-BADF-4245FD81C447}.Release|Any CPU.ActiveCfg = Release|Any CPU
		{9C25FCD2-CE91-4E86-BADF-4245FD81C447}.Release|Any CPU.Build.0 = Release|Any CPU
	EndGlobalSection
	GlobalSection(SolutionProperties) = preSolution
		HideSolutionNode = FALSE
	EndGlobalSection
	GlobalSection(ExtensibilityGlobals) = postSolution
		SolutionGuid = {6F2FF22D-0E00-4AEF-BE48-BBACA0E3EFE1}
	EndGlobalSection
EndGlobal
